
Microsoft Visual Studio Solution File, Format Version 12.00
# Visual Studio 14
VisualStudioVersion = 14.0.25420.1
MinimumVisualStudioVersion = 10.0.40219.1
Project("{FAE04EC0-301F-11D3-BF4B-00C04F79EFBC}") = "HistoryManagement", "HistoryManagement\HistoryManagement.csproj", "{C38470D5-53DF-4665-9DEC-CB44C0FB0E5B}"
EndProject
Project("{FAE04EC0-301F-11D3-BF4B-00C04F79EFBC}") = "Utilities", "CSharpUtility\Utilities\Utilities.csproj", "{3362BCCC-3DDA-4DB8-8E91-E4FF3BA9FEA3}"
EndProject
Project("{FAE04EC0-301F-11D3-BF4B-00C04F79EFBC}") = "NLogger", "CSharpUtility\NLogger\NLogger.csproj", "{2055C0D2-9E61-410D-B3B1-EA843E1C851F}"
EndProject
Project("{2150E333-8FDC-42A3-9474-1A3956D46DE8}") = "Modules", "Modules", "{F054ECC6-2F3F-40E5-97EB-FA98D228D620}"
EndProject
Project("{FAE04EC0-301F-11D3-BF4B-00C04F79EFBC}") = "HistoryManagement.Modules.Home", "HistoryManagement.Modules.Home\HistoryManagement.Modules.Home.csproj", "{DAF52ED4-3C8F-4A78-8A8B-F697A606440A}"
EndProject
Project("{FAE04EC0-301F-11D3-BF4B-00C04F79EFBC}") = "HistoryManagement.Infrastructure", "HistoryManagement.Infrastructure\HistoryManagement.Infrastructure.csproj", "{B35A650E-F36B-4811-8751-0C03A31147EB}"
EndProject
Project("{2150E333-8FDC-42A3-9474-1A3956D46DE8}") = "Common", "Common", "{A9EB4969-7419-4516-854D-EFBF64429104}"
EndProject
Project("{FAE04EC0-301F-11D3-BF4B-00C04F79EFBC}") = "HistoryManagement.Modules.Header", "HistoryManagement.Modules.Header\HistoryManagement.Modules.Header.csproj", "{5F80321C-4107-4CB4-8114-00B682915AA9}"
EndProject
Project("{FAE04EC0-301F-11D3-BF4B-00C04F79EFBC}") = "Theme", "WPFLib\Theme\Theme.csproj", "{72CED788-33BB-467D-B946-1E07BE5055AE}"
EndProject
Project("{2150E333-8FDC-42A3-9474-1A3956D46DE8}") = "DAL", "DAL", "{EA1AB769-EB0C-45AB-AD3F-EB31BBF2FB05}"
EndProject
Project("{FAE04EC0-301F-11D3-BF4B-00C04F79EFBC}") = "DBUtility", "CSharpUtility\DBUtility\DBUtility.csproj", "{3319AC7C-80E7-490F-9D93-A31157AEAF31}"
EndProject
Project("{FAE04EC0-301F-11D3-BF4B-00C04F79EFBC}") = "IDAL", "IDAL\IDAL.csproj", "{946F645B-7421-4E44-959A-881F5FBFCBD2}"
EndProject
Project("{FAE04EC0-301F-11D3-BF4B-00C04F79EFBC}") = "SQLiteDAL", "SQLiteDAL\SQLiteDAL.csproj", "{F9A4680A-E1B3-4806-830D-B1F2CDB74B93}"
EndProject
Project("{FAE04EC0-301F-11D3-BF4B-00C04F79EFBC}") = "HistoryManagement.Modules.Navigation", "HistoryManagement.Modules.Navigation\HistoryManagement.Modules.Navigation.csproj", "{D45F21F1-B57B-4F9F-8691-E68057C29161}"
EndProject
Global
	GlobalSection(SolutionConfigurationPlatforms) = preSolution
		Debug|Any CPU = Debug|Any CPU
		Debug|x86 = Debug|x86
		Release|Any CPU = Release|Any CPU
		Release|x86 = Release|x86
	EndGlobalSection
	GlobalSection(ProjectConfigurationPlatforms) = postSolution
		{C38470D5-53DF-4665-9DEC-CB44C0FB0E5B}.Debug|Any CPU.ActiveCfg = Debug|Any CPU
		{C38470D5-53DF-4665-9DEC-CB44C0FB0E5B}.Debug|Any CPU.Build.0 = Debug|Any CPU
		{C38470D5-53DF-4665-9DEC-CB44C0FB0E5B}.Debug|x86.ActiveCfg = Debug|Any CPU
		{C38470D5-53DF-4665-9DEC-CB44C0FB0E5B}.Debug|x86.Build.0 = Debug|Any CPU
		{C38470D5-53DF-4665-9DEC-CB44C0FB0E5B}.Release|Any CPU.ActiveCfg = Release|Any CPU
		{C38470D5-53DF-4665-9DEC-CB44C0FB0E5B}.Release|Any CPU.Build.0 = Release|Any CPU
		{C38470D5-53DF-4665-9DEC-CB44C0FB0E5B}.Release|x86.ActiveCfg = Release|Any CPU
		{C38470D5-53DF-4665-9DEC-CB44C0FB0E5B}.Release|x86.Build.0 = Release|Any CPU
		{3362BCCC-3DDA-4DB8-8E91-E4FF3BA9FEA3}.Debug|Any CPU.ActiveCfg = Debug|Any CPU
		{3362BCCC-3DDA-4DB8-8E91-E4FF3BA9FEA3}.Debug|Any CPU.Build.0 = Debug|Any CPU
		{3362BCCC-3DDA-4DB8-8E91-E4FF3BA9FEA3}.Debug|x86.ActiveCfg = Debug|x86
		{3362BCCC-3DDA-4DB8-8E91-E4FF3BA9FEA3}.Debug|x86.Build.0 = Debug|x86
		{3362BCCC-3DDA-4DB8-8E91-E4FF3BA9FEA3}.Release|Any CPU.ActiveCfg = Release|Any CPU
		{3362BCCC-3DDA-4DB8-8E91-E4FF3BA9FEA3}.Release|Any CPU.Build.0 = Release|Any CPU
		{3362BCCC-3DDA-4DB8-8E91-E4FF3BA9FEA3}.Release|x86.ActiveCfg = Release|x86
		{3362BCCC-3DDA-4DB8-8E91-E4FF3BA9FEA3}.Release|x86.Build.0 = Release|x86
		{2055C0D2-9E61-410D-B3B1-EA843E1C851F}.Debug|Any CPU.ActiveCfg = Debug|Any CPU
		{2055C0D2-9E61-410D-B3B1-EA843E1C851F}.Debug|Any CPU.Build.0 = Debug|Any CPU
		{2055C0D2-9E61-410D-B3B1-EA843E1C851F}.Debug|x86.ActiveCfg = Debug|x86
		{2055C0D2-9E61-410D-B3B1-EA843E1C851F}.Debug|x86.Build.0 = Debug|x86
		{2055C0D2-9E61-410D-B3B1-EA843E1C851F}.Release|Any CPU.ActiveCfg = Release|Any CPU
		{2055C0D2-9E61-410D-B3B1-EA843E1C851F}.Release|Any CPU.Build.0 = Release|Any CPU
		{2055C0D2-9E61-410D-B3B1-EA843E1C851F}.Release|x86.ActiveCfg = Release|x86
		{2055C0D2-9E61-410D-B3B1-EA843E1C851F}.Release|x86.Build.0 = Release|x86
		{DAF52ED4-3C8F-4A78-8A8B-F697A606440A}.Debug|Any CPU.ActiveCfg = Debug|Any CPU
		{DAF52ED4-3C8F-4A78-8A8B-F697A606440A}.Debug|Any CPU.Build.0 = Debug|Any CPU
		{DAF52ED4-3C8F-4A78-8A8B-F697A606440A}.Debug|x86.ActiveCfg = Debug|Any CPU
		{DAF52ED4-3C8F-4A78-8A8B-F697A606440A}.Debug|x86.Build.0 = Debug|Any CPU
		{DAF52ED4-3C8F-4A78-8A8B-F697A606440A}.Release|Any CPU.ActiveCfg = Release|Any CPU
		{DAF52ED4-3C8F-4A78-8A8B-F697A606440A}.Release|Any CPU.Build.0 = Release|Any CPU
		{DAF52ED4-3C8F-4A78-8A8B-F697A606440A}.Release|x86.ActiveCfg = Release|Any CPU
		{DAF52ED4-3C8F-4A78-8A8B-F697A606440A}.Release|x86.Build.0 = Release|Any CPU
		{B35A650E-F36B-4811-8751-0C03A31147EB}.Debug|Any CPU.ActiveCfg = Debug|Any CPU
		{B35A650E-F36B-4811-8751-0C03A31147EB}.Debug|Any CPU.Build.0 = Debug|Any CPU
		{B35A650E-F36B-4811-8751-0C03A31147EB}.Debug|x86.ActiveCfg = Debug|Any CPU
		{B35A650E-F36B-4811-8751-0C03A31147EB}.Debug|x86.Build.0 = Debug|Any CPU
		{B35A650E-F36B-4811-8751-0C03A31147EB}.Release|Any CPU.ActiveCfg = Release|Any CPU
		{B35A650E-F36B-4811-8751-0C03A31147EB}.Release|Any CPU.Build.0 = Release|Any CPU
		{B35A650E-F36B-4811-8751-0C03A31147EB}.Release|x86.ActiveCfg = Release|Any CPU
		{B35A650E-F36B-4811-8751-0C03A31147EB}.Release|x86.Build.0 = Release|Any CPU
		{5F80321C-4107-4CB4-8114-00B682915AA9}.Debug|Any CPU.ActiveCfg = Debug|Any CPU
		{5F80321C-4107-4CB4-8114-00B682915AA9}.Debug|Any CPU.Build.0 = Debug|Any CPU
		{5F80321C-4107-4CB4-8114-00B682915AA9}.Debug|x86.ActiveCfg = Debug|Any CPU
		{5F80321C-4107-4CB4-8114-00B682915AA9}.Debug|x86.Build.0 = Debug|Any CPU
		{5F80321C-4107-4CB4-8114-00B682915AA9}.Release|Any CPU.ActiveCfg = Release|Any CPU
		{5F80321C-4107-4CB4-8114-00B682915AA9}.Release|Any CPU.Build.0 = Release|Any CPU
		{5F80321C-4107-4CB4-8114-00B682915AA9}.Release|x86.ActiveCfg = Release|Any CPU
		{5F80321C-4107-4CB4-8114-00B682915AA9}.Release|x86.Build.0 = Release|Any CPU
		{72CED788-33BB-467D-B946-1E07BE5055AE}.Debug|Any CPU.ActiveCfg = Debug|Any CPU
		{72CED788-33BB-467D-B946-1E07BE5055AE}.Debug|Any CPU.Build.0 = Debug|Any CPU
		{72CED788-33BB-467D-B946-1E07BE5055AE}.Debug|x86.ActiveCfg = Debug|x86
		{72CED788-33BB-467D-B946-1E07BE5055AE}.Debug|x86.Build.0 = Debug|x86
		{72CED788-33BB-467D-B946-1E07BE5055AE}.Release|Any CPU.ActiveCfg = Release|Any CPU
		{72CED788-33BB-467D-B946-1E07BE5055AE}.Release|Any CPU.Build.0 = Release|Any CPU
		{72CED788-33BB-467D-B946-1E07BE5055AE}.Release|x86.ActiveCfg = Release|x86
		{72CED788-33BB-467D-B946-1E07BE5055AE}.Release|x86.Build.0 = Release|x86
		{3319AC7C-80E7-490F-9D93-A31157AEAF31}.Debug|Any CPU.ActiveCfg = Debug|Any CPU
		{3319AC7C-80E7-490F-9D93-A31157AEAF31}.Debug|Any CPU.Build.0 = Debug|Any CPU
		{3319AC7C-80E7-490F-9D93-A31157AEAF31}.Debug|x86.ActiveCfg = Debug|x86
		{3319AC7C-80E7-490F-9D93-A31157AEAF31}.Debug|x86.Build.0 = Debug|x86
		{3319AC7C-80E7-490F-9D93-A31157AEAF31}.Release|Any CPU.ActiveCfg = Release|Any CPU
		{3319AC7C-80E7-490F-9D93-A31157AEAF31}.Release|Any CPU.Build.0 = Release|Any CPU
		{3319AC7C-80E7-490F-9D93-A31157AEAF31}.Release|x86.ActiveCfg = Release|x86
		{3319AC7C-80E7-490F-9D93-A31157AEAF31}.Release|x86.Build.0 = Release|x86
		{946F645B-7421-4E44-959A-881F5FBFCBD2}.Debug|Any CPU.ActiveCfg = Debug|Any CPU
		{946F645B-7421-4E44-959A-881F5FBFCBD2}.Debug|Any CPU.Build.0 = Debug|Any CPU
		{946F645B-7421-4E44-959A-881F5FBFCBD2}.Debug|x86.ActiveCfg = Debug|Any CPU
		{946F645B-7421-4E44-959A-881F5FBFCBD2}.Debug|x86.Build.0 = Debug|Any CPU
		{946F645B-7421-4E44-959A-881F5FBFCBD2}.Release|Any CPU.ActiveCfg = Release|Any CPU
		{946F645B-7421-4E44-959A-881F5FBFCBD2}.Release|Any CPU.Build.0 = Release|Any CPU
		{946F645B-7421-4E44-959A-881F5FBFCBD2}.Release|x86.ActiveCfg = Release|Any CPU
		{946F645B-7421-4E44-959A-881F5FBFCBD2}.Release|x86.Build.0 = Release|Any CPU
		{F9A4680A-E1B3-4806-830D-B1F2CDB74B93}.Debug|Any CPU.ActiveCfg = Debug|Any CPU
		{F9A4680A-E1B3-4806-830D-B1F2CDB74B93}.Debug|Any CPU.Build.0 = Debug|Any CPU
		{F9A4680A-E1B3-4806-830D-B1F2CDB74B93}.Debug|x86.ActiveCfg = Debug|Any CPU
		{F9A4680A-E1B3-4806-830D-B1F2CDB74B93}.Debug|x86.Build.0 = Debug|Any CPU
		{F9A4680A-E1B3-4806-830D-B1F2CDB74B93}.Release|Any CPU.ActiveCfg = Release|Any CPU
		{F9A4680A-E1B3-4806-830D-B1F2CDB74B93}.Release|Any CPU.Build.0 = Release|Any CPU
		{F9A4680A-E1B3-4806-830D-B1F2CDB74B93}.Release|x86.ActiveCfg = Release|Any CPU
		{F9A4680A-E1B3-4806-830D-B1F2CDB74B93}.Release|x86.Build.0 = Release|Any CPU
		{D45F21F1-B57B-4F9F-8691-E68057C29161}.Debug|Any CPU.ActiveCfg = Debug|Any CPU
		{D45F21F1-B57B-4F9F-8691-E68057C29161}.Debug|Any CPU.Build.0 = Debug|Any CPU
		{D45F21F1-B57B-4F9F-8691-E68057C29161}.Debug|x86.ActiveCfg = Debug|Any CPU
		{D45F21F1-B57B-4F9F-8691-E68057C29161}.Debug|x86.Build.0 = Debug|Any CPU
		{D45F21F1-B57B-4F9F-8691-E68057C29161}.Release|Any CPU.ActiveCfg = Release|Any CPU
		{D45F21F1-B57B-4F9F-8691-E68057C29161}.Release|Any CPU.Build.0 = Release|Any CPU
		{D45F21F1-B57B-4F9F-8691-E68057C29161}.Release|x86.ActiveCfg = Release|Any CPU
		{D45F21F1-B57B-4F9F-8691-E68057C29161}.Release|x86.Build.0 = Release|Any CPU
	EndGlobalSection
	GlobalSection(SolutionProperties) = preSolution
		HideSolutionNode = FALSE
	EndGlobalSection
	GlobalSection(NestedProjects) = preSolution
		{DAF52ED4-3C8F-4A78-8A8B-F697A606440A} = {F054ECC6-2F3F-40E5-97EB-FA98D228D620}
		{B35A650E-F36B-4811-8751-0C03A31147EB} = {A9EB4969-7419-4516-854D-EFBF64429104}
		{5F80321C-4107-4CB4-8114-00B682915AA9} = {F054ECC6-2F3F-40E5-97EB-FA98D228D620}
		{3319AC7C-80E7-490F-9D93-A31157AEAF31} = {EA1AB769-EB0C-45AB-AD3F-EB31BBF2FB05}
		{946F645B-7421-4E44-959A-881F5FBFCBD2} = {EA1AB769-EB0C-45AB-AD3F-EB31BBF2FB05}
		{F9A4680A-E1B3-4806-830D-B1F2CDB74B93} = {EA1AB769-EB0C-45AB-AD3F-EB31BBF2FB05}
		{D45F21F1-B57B-4F9F-8691-E68057C29161} = {F054ECC6-2F3F-40E5-97EB-FA98D228D620}
	EndGlobalSection
EndGlobal
